<?xml version="1.0" encoding="utf-8"?>
<Project ToolsVersion="4.0" xmlns="http://schemas.microsoft.com/developer/msbuild/2003">
  <ItemGroup>
    <ClCompile Include="zsharp\grammar\ZsharpParser.cpp" />
    <ClCompile Include="zsharp\grammar\parser\zsharp_parserBaseListener.cpp" />
    <ClCompile Include="zsharp\grammar\parser\zsharp_parserBaseVisitor.cpp" />
    <ClCompile Include="zsharp\grammar\parser\zsharp_parserLexer.cpp" />
    <ClCompile Include="zsharp\grammar\parser\zsharp_parserListener.cpp" />
    <ClCompile Include="zsharp\grammar\parser\zsharp_parserParser.cpp" />
    <ClCompile Include="zsharp\grammar\parser\zsharp_parserVisitor.cpp" />
    <ClCompile Include="main.cpp" />
    <ClCompile Include="zsharp\grammar\IndentChecker.cpp" />
    <ClCompile Include="zsharp\grammar\_test\parser\testlexer.cpp" />
    <ClCompile Include="zsharp\grammar\_test\parser\testparser.cpp" />
    <ClCompile Include="zsharp\grammar\_test\parser\testparserBaseListener.cpp" />
    <ClCompile Include="zsharp\grammar\_test\parser\testparserBaseVisitor.cpp" />
    <ClCompile Include="zsharp\grammar\_test\parser\testparserListener.cpp" />
    <ClCompile Include="zsharp\grammar\_test\parser\testparserVisitor.cpp" />
    <ClCompile Include="zsharp\AST\AstBuilder.cpp" />
    <ClCompile Include="zsharp\AST\AstNode.cpp" />
    <ClCompile Include="zsharp\AST\AstModule.cpp" />
    <ClCompile Include="zsharp\AST\AstFile.cpp" />
    <ClCompile Include="zsharp\AST\ParseTreeNavigator.cpp" />
    <ClCompile Include="zsharp\AST\AstNodeBuilder.cpp" />
    <ClCompile Include="zsharp\AST\AstFunction.cpp" />
    <ClCompile Include="zsharp\LLVM\LlvmIrBuilder.cpp" />
    <ClCompile Include="zsharp\AST\AstNumeric.cpp" />
    <ClCompile Include="zsharp\AST\AstExpressionBuilder.cpp" />
    <ClCompile Include="zsharp\AST\AstExpression.cpp" />
    <ClCompile Include="zsharp\AST\AstNumericBuilder.cpp" />
    <ClCompile Include="Utils.cpp" />
    <ClCompile Include="zsharp\AST\AstExpressionOperand.cpp" />
    <ClCompile Include="zsharp\AST\AstCodeBlock.cpp" />
    <ClCompile Include="zsharp\AST\AstBranch.cpp" />
    <ClCompile Include="zsharp\AST\AstError.cpp" />
    <ClCompile Include="zsharp\AST\AstAssignment.cpp" />
    <ClCompile Include="zsharp\AST\AstSymbolTable.cpp" />
  </ItemGroup>
  <ItemGroup>
    <None Include=".gitignore" />
    <None Include="zsharp\grammar\parser\zsharp_parser.tokens" />
    <None Include="zsharp\grammar\parser\zsharp_parserLexer.tokens" />
    <None Include="zsharp\grammar\zsharp_parser.g4" />
    <None Include="zsharp\grammar\_test\antlr.debug.zs" />
    <None Include="zsharp\grammar\_test\testlexer.g4" />
    <None Include="zsharp\grammar\_test\testparser.g4" />
    <None Include="zsharp\grammar\_test\parser\testlexer.tokens" />
    <None Include="zsharp\grammar\_test\parser\testparser.tokens" />
    <None Include="zsharp\LLVM\readme.md" />
  </ItemGroup>
  <ItemGroup>
    <ClInclude Include="zsharp\grammar\ZsharpParser.h" />
    <ClInclude Include="zsharp\grammar\parser\zsharp_parserBaseListener.h" />
    <ClInclude Include="zsharp\grammar\parser\zsharp_parserBaseVisitor.h" />
    <ClInclude Include="zsharp\grammar\parser\zsharp_parserLexer.h" />
    <ClInclude Include="zsharp\grammar\parser\zsharp_parserListener.h" />
    <ClInclude Include="zsharp\grammar\parser\zsharp_parserParser.h" />
    <ClInclude Include="zsharp\grammar\parser\zsharp_parserVisitor.h" />
    <ClInclude Include="zsharp\grammar\IndentChecker.h" />
    <ClInclude Include="zsharp\grammar\_test\parser\testlexer.h" />
    <ClInclude Include="zsharp\grammar\_test\parser\testparser.h" />
    <ClInclude Include="zsharp\grammar\_test\parser\testparserBaseListener.h" />
    <ClInclude Include="zsharp\grammar\_test\parser\testparserBaseVisitor.h" />
    <ClInclude Include="zsharp\grammar\_test\parser\testparserListener.h" />
    <ClInclude Include="zsharp\grammar\_test\parser\testparserVisitor.h" />
    <ClInclude Include="zsharp\AST\AstBuilder.h" />
    <ClInclude Include="zsharp\AST\AstNode.h" />
    <ClInclude Include="zsharp\AST\AstModule.h" />
    <ClInclude Include="zsharp\AST\AstFile.h" />
    <ClInclude Include="Utils.h" />
    <ClInclude Include="zsharp\AST\ParseTreeNavigator.h" />
    <ClInclude Include="zsharp\AST\AstNodeBuilder.h" />
    <ClInclude Include="zsharp\AST\AstFunction.h" />
    <ClInclude Include="zsharp\LLVM\LlvmIrBuilder.h" />
    <ClInclude Include="zsharp\AST\AstNumeric.h" />
    <ClInclude Include="zsharp\AST\AstExpressionBuilder.h" />
    <ClInclude Include="zsharp\AST\AstExpression.h" />
    <ClInclude Include="zsharp\AST\AstNumericBuilder.h" />
    <ClInclude Include="zsharp\AST\AstExpressionOperand.h" />
    <ClInclude Include="zsharp\AST\AstExpressionOperator.h" />
    <ClInclude Include="zsharp\AST\AstCodeBlock.h" />
    <ClInclude Include="zsharp\AST\AstBranch.h" />
    <ClInclude Include="zsharp\AST\AstError.h" />
    <ClInclude Include="zsharp\AST\AstAssignment.h" />
    <ClInclude Include="zsharp\AST\AstSymbolTable.h" />
  </ItemGroup>
  <ItemGroup>
    <Text Include="zsharp\grammar\_test\testdata.txt" />
  </ItemGroup>
</Project>