<?xml version="1.0" encoding="utf-8"?>
<Project ToolsVersion="4.0" xmlns="http://schemas.microsoft.com/developer/msbuild/2003">
  <ItemGroup>
    <ClCompile Include="pch.cpp" />
    <ClCompile Include="grammar\EnumSmokeTests.cpp" />
    <ClCompile Include="grammar\StructSmokeTests.cpp" />
    <ClCompile Include="Utils.cpp" />
    <ClCompile Include="grammar\FunctionSmokeTests.cpp" />
    <ClCompile Include="grammar\ModuleSmokeTests.cpp" />
    <ClCompile Include="grammar\FlowSmokeTests.cpp" />
    <ClCompile Include="grammar\ExpressionSmokeTests.cpp" />
    <ClCompile Include="grammar\VariablesSmokeTests.cpp" />
    <ClCompile Include="grammar\CommentSmokeTests.cpp" />
    <ClCompile Include="grammar\TypesSmokeTests.cpp" />
  </ItemGroup>
  <ItemGroup>
    <ClInclude Include="pch.h" />
    <ClInclude Include="Utils.h" />
  </ItemGroup>
  <ItemGroup>
    <None Include="packages.config" />
  </ItemGroup>
</Project>