<?xml version="1.0" encoding="utf-8"?>
<Project ToolsVersion="4.0" xmlns="http://schemas.microsoft.com/developer/msbuild/2003">
  <ItemGroup>
    <ClCompile Include="pch.cpp" />
    <ClCompile Include="Utils.cpp" />
    <ClCompile Include="AST\AstBuilderTests.cpp" />
    <ClCompile Include="AST\AstNumericBuilderTests.cpp" />
    <ClCompile Include="AST\AstExpressionBuilderTests.cpp" />
    <ClCompile Include="AST\AstControlFlowTests.cpp" />
    <ClCompile Include="AST\AstIndentationTests.cpp" />
    <ClCompile Include="AST\AstIdentifierTests.cpp" />
    <ClCompile Include="AST\AstSymbolTableTests.cpp" />
    <ClCompile Include="AST\AstCodeTests.cpp" />
    <ClCompile Include="Dgml\DgmlBuilderTests.cpp" />
    <ClCompile Include="AST\AstTypeTests.cpp" />
    <ClCompile Include="AST\AstVisitorTests.cpp" />
    <ClCompile Include="Semantics\ResolveTypesTests.cpp" />
    <ClCompile Include="grammar\SmokeCommentTests.cpp" />
    <ClCompile Include="grammar\SmokeEnumTests.cpp" />
    <ClCompile Include="grammar\SmokeExpressionTests.cpp" />
    <ClCompile Include="grammar\SmokeFlowTests.cpp" />
    <ClCompile Include="grammar\SmokeFunctionTests.cpp" />
    <ClCompile Include="grammar\SmokeModuleTests.cpp" />
    <ClCompile Include="grammar\SmokeStructTests.cpp" />
    <ClCompile Include="grammar\SmokeTypesTests.cpp" />
    <ClCompile Include="grammar\SmokeVariablesTests.cpp" />
  </ItemGroup>
  <ItemGroup>
    <ClInclude Include="pch.h" />
    <ClInclude Include="Utils.h" />
  </ItemGroup>
  <ItemGroup>
    <None Include="packages.config" />
  </ItemGroup>
</Project>