
Microsoft Visual Studio Solution File, Format Version 12.00
# Visual Studio Version 16
VisualStudioVersion = 16.0.29503.13
MinimumVisualStudioVersion = 10.0.40219.1
Project("{8BC9CEB8-8B4A-11D0-8D11-00A0C91BC942}") = "Zlang", "Zlang\Zlang.vcxproj", "{146F16AF-068C-4D7B-8FA4-47919EFC482D}"
EndProject
Project("{8BC9CEB8-8B4A-11D0-8D11-00A0C91BC942}") = "Zlang.UnitTests", "Zlang.UnitTests\Zlang.UnitTests.vcxproj", "{4873C98A-4B75-48A6-98B5-98F412F2B099}"
EndProject
Project("{8BC9CEB8-8B4A-11D0-8D11-00A0C91BC942}") = "Zlang.UnitTests.Llvm", "Zlang.UnitTests.Llvm\Zlang.UnitTests.Llvm.vcxproj", "{09C87E02-5C63-4A01-9C16-B591F38C2001}"
EndProject
Global
	GlobalSection(SolutionConfigurationPlatforms) = preSolution
		Debug|x64 = Debug|x64
		Debug|x86 = Debug|x86
		Release|x64 = Release|x64
		Release|x86 = Release|x86
	EndGlobalSection
	GlobalSection(ProjectConfigurationPlatforms) = postSolution
		{146F16AF-068C-4D7B-8FA4-47919EFC482D}.Debug|x64.ActiveCfg = Debug|x64
		{146F16AF-068C-4D7B-8FA4-47919EFC482D}.Debug|x64.Build.0 = Debug|x64
		{146F16AF-068C-4D7B-8FA4-47919EFC482D}.Debug|x86.ActiveCfg = Debug|Win32
		{146F16AF-068C-4D7B-8FA4-47919EFC482D}.Debug|x86.Build.0 = Debug|Win32
		{146F16AF-068C-4D7B-8FA4-47919EFC482D}.Release|x64.ActiveCfg = Release|x64
		{146F16AF-068C-4D7B-8FA4-47919EFC482D}.Release|x64.Build.0 = Release|x64
		{146F16AF-068C-4D7B-8FA4-47919EFC482D}.Release|x86.ActiveCfg = Release|Win32
		{146F16AF-068C-4D7B-8FA4-47919EFC482D}.Release|x86.Build.0 = Release|Win32
		{4873C98A-4B75-48A6-98B5-98F412F2B099}.Debug|x64.ActiveCfg = Debug|x64
		{4873C98A-4B75-48A6-98B5-98F412F2B099}.Debug|x64.Build.0 = Debug|x64
		{4873C98A-4B75-48A6-98B5-98F412F2B099}.Debug|x86.ActiveCfg = Debug|Win32
		{4873C98A-4B75-48A6-98B5-98F412F2B099}.Debug|x86.Build.0 = Debug|Win32
		{4873C98A-4B75-48A6-98B5-98F412F2B099}.Release|x64.ActiveCfg = Release|x64
		{4873C98A-4B75-48A6-98B5-98F412F2B099}.Release|x64.Build.0 = Release|x64
		{4873C98A-4B75-48A6-98B5-98F412F2B099}.Release|x86.ActiveCfg = Release|Win32
		{4873C98A-4B75-48A6-98B5-98F412F2B099}.Release|x86.Build.0 = Release|Win32
		{09C87E02-5C63-4A01-9C16-B591F38C2001}.Debug|x64.ActiveCfg = Debug|x64
		{09C87E02-5C63-4A01-9C16-B591F38C2001}.Debug|x64.Build.0 = Debug|x64
		{09C87E02-5C63-4A01-9C16-B591F38C2001}.Debug|x86.ActiveCfg = Debug|Win32
		{09C87E02-5C63-4A01-9C16-B591F38C2001}.Debug|x86.Build.0 = Debug|Win32
		{09C87E02-5C63-4A01-9C16-B591F38C2001}.Release|x64.ActiveCfg = Release|x64
		{09C87E02-5C63-4A01-9C16-B591F38C2001}.Release|x64.Build.0 = Release|x64
		{09C87E02-5C63-4A01-9C16-B591F38C2001}.Release|x86.ActiveCfg = Release|Win32
		{09C87E02-5C63-4A01-9C16-B591F38C2001}.Release|x86.Build.0 = Release|Win32
	EndGlobalSection
	GlobalSection(SolutionProperties) = preSolution
		HideSolutionNode = FALSE
	EndGlobalSection
	GlobalSection(ExtensibilityGlobals) = postSolution
		SolutionGuid = {EDF4B2E9-FA3F-4979-BCE7-7AD33BE78E99}
	EndGlobalSection
EndGlobal
